<?xml version="1.0" encoding="utf-8"?>
<Project ToolsVersion="4.0" xmlns="http://schemas.microsoft.com/developer/msbuild/2003">
  <ItemGroup>
    <ClInclude Include="$(MSBuildThisFileDirectory)Vector.h">
      <Filter>Storage</Filter>
    </ClInclude>
    <ClInclude Include="$(MSBuildThisFileDirectory)HashMap.h">
      <Filter>Storage</Filter>
    </ClInclude>
    <ClInclude Include="$(MSBuildThisFileDirectory)Datum.h">
      <Filter>Storage</Filter>
    </ClInclude>
    <ClInclude Include="$(MSBuildThisFileDirectory)RTTI.h">
      <Filter>Support</Filter>
    </ClInclude>
    <ClInclude Include="$(MSBuildThisFileDirectory)DefaultHashFunct.h">
      <Filter>Support</Filter>
    </ClInclude>
    <ClInclude Include="$(MSBuildThisFileDirectory)DefaultIncrementFunct.h">
      <Filter>Support</Filter>
    </ClInclude>
    <ClInclude Include="$(MSBuildThisFileDirectory)Scope.h">
      <Filter>Heirarchy</Filter>
    </ClInclude>
    <ClInclude Include="$(MSBuildThisFileDirectory)SList.h">
      <Filter>Storage</Filter>
    </ClInclude>
    <ClInclude Include="$(MSBuildThisFileDirectory)Attributed.h">
      <Filter>Heirarchy</Filter>
    </ClInclude>
    <ClInclude Include="$(MSBuildThisFileDirectory)AttributeSignature.h">
      <Filter>Heirarchy</Filter>
    </ClInclude>
    <ClInclude Include="$(MSBuildThisFileDirectory)IJsonParser.h">
      <Filter>JSONParse</Filter>
    </ClInclude>
    <ClInclude Include="$(MSBuildThisFileDirectory)JsonParseManager.h">
      <Filter>JSONParse</Filter>
    </ClInclude>
    <ClInclude Include="$(MSBuildThisFileDirectory)Stack.h">
      <Filter>Storage</Filter>
    </ClInclude>
    <ClInclude Include="$(MSBuildThisFileDirectory)JsonParserScope.h">
      <Filter>JSONParse</Filter>
    </ClInclude>
    <ClInclude Include="$(MSBuildThisFileDirectory)TypeManager.h">
      <Filter>Support</Filter>
    </ClInclude>
    <ClInclude Include="$(MSBuildThisFileDirectory)Factory.h">
      <Filter>Support</Filter>
    </ClInclude>
    <ClInclude Include="$(MSBuildThisFileDirectory)GameClock.h">
      <Filter>Time</Filter>
    </ClInclude>
    <ClInclude Include="$(MSBuildThisFileDirectory)GameTime.h">
      <Filter>Time</Filter>
    </ClInclude>
    <ClInclude Include="$(MSBuildThisFileDirectory)GameObject.h">
      <Filter>Heirarchy</Filter>
    </ClInclude>
    <ClInclude Include="$(MSBuildThisFileDirectory)Action.h">
      <Filter>Activity</Filter>
    </ClInclude>
    <ClInclude Include="$(MSBuildThisFileDirectory)ActionList.h">
      <Filter>Activity</Filter>
    </ClInclude>
    <ClInclude Include="$(MSBuildThisFileDirectory)ActionList_IF.h">
      <Filter>Activity\ActionTypes</Filter>
    </ClInclude>
    <ClInclude Include="$(MSBuildThisFileDirectory)Action_CreateAction.h">
      <Filter>Activity\ActionTypes</Filter>
    </ClInclude>
    <ClInclude Include="$(MSBuildThisFileDirectory)Action_DestroyAction.h">
      <Filter>Activity\ActionTypes</Filter>
    </ClInclude>
    <ClInclude Include="$(MSBuildThisFileDirectory)ActionManager.h">
      <Filter>Activity</Filter>
    </ClInclude>
    <ClInclude Include="$(MSBuildThisFileDirectory)Event.h">
      <Filter>Activity</Filter>
    </ClInclude>
    <ClInclude Include="$(MSBuildThisFileDirectory)EventQueue.h">
      <Filter>Activity</Filter>
    </ClInclude>
    <ClInclude Include="$(MSBuildThisFileDirectory)IEventPublisher.h">
      <Filter>Activity</Filter>
    </ClInclude>
    <ClInclude Include="$(MSBuildThisFileDirectory)IEventSubscriber.h">
      <Filter>Activity</Filter>
    </ClInclude>
  </ItemGroup>
  <ItemGroup>
    <None Include="$(MSBuildThisFileDirectory)SList.inl">
      <Filter>Storage</Filter>
    </None>
    <None Include="$(MSBuildThisFileDirectory)Vector.inl">
      <Filter>Storage</Filter>
    </None>
    <None Include="$(MSBuildThisFileDirectory)HashMap.inl">
      <Filter>Storage</Filter>
    </None>
    <None Include="$(MSBuildThisFileDirectory)Datum.inl">
      <Filter>Storage</Filter>
    </None>
    <None Include="$(MSBuildThisFileDirectory)Stack.inl">
      <Filter>Storage</Filter>
    </None>
    <None Include="$(MSBuildThisFileDirectory)Factory.inl">
      <Filter>Support</Filter>
    </None>
    <None Include="$(MSBuildThisFileDirectory)Event.inl">
      <Filter>Activity</Filter>
    </None>
  </ItemGroup>
  <ItemGroup>
    <Filter Include="Storage">
      <UniqueIdentifier>{4f6d4044-dc64-4436-bffe-e52b32fa701c}</UniqueIdentifier>
    </Filter>
    <Filter Include="Support">
      <UniqueIdentifier>{c1240cdc-b0a3-40cc-b9d1-79b71f91009e}</UniqueIdentifier>
    </Filter>
    <Filter Include="Heirarchy">
      <UniqueIdentifier>{ca0c3c4c-95e5-4fa6-a576-7eddd607732d}</UniqueIdentifier>
    </Filter>
    <Filter Include="JSONParse">
      <UniqueIdentifier>{94450b64-7813-45cf-bf0d-845ed52de998}</UniqueIdentifier>
    </Filter>
    <Filter Include="Time">
      <UniqueIdentifier>{d58c8e85-8448-4dc3-a603-555c04b37178}</UniqueIdentifier>
    </Filter>
    <Filter Include="Activity">
      <UniqueIdentifier>{3af0d951-0910-4be1-95e4-6e8deb604e67}</UniqueIdentifier>
    </Filter>
    <Filter Include="Activity\ActionTypes">
      <UniqueIdentifier>{746b58d8-e82c-4e80-aa65-65a654772d76}</UniqueIdentifier>
    </Filter>
  </ItemGroup>
  <ItemGroup>
    <ClCompile Include="$(MSBuildThisFileDirectory)Datum.cpp">
      <Filter>Storage</Filter>
    </ClCompile>
    <ClCompile Include="$(MSBuildThisFileDirectory)Scope.cpp">
      <Filter>Heirarchy</Filter>
    </ClCompile>
    <ClCompile Include="$(MSBuildThisFileDirectory)Attributed.cpp">
      <Filter>Heirarchy</Filter>
    </ClCompile>
    <ClCompile Include="$(MSBuildThisFileDirectory)IJsonParser.cpp">
      <Filter>JSONParse</Filter>
    </ClCompile>
    <ClCompile Include="$(MSBuildThisFileDirectory)JsonParseManager.cpp">
      <Filter>JSONParse</Filter>
    </ClCompile>
    <ClCompile Include="$(MSBuildThisFileDirectory)JsonParserScope.cpp">
      <Filter>JSONParse</Filter>
    </ClCompile>
    <ClCompile Include="$(MSBuildThisFileDirectory)TypeManager.cpp">
      <Filter>Support</Filter>
    </ClCompile>
    <ClCompile Include="$(MSBuildThisFileDirectory)GameClock.cpp">
      <Filter>Time</Filter>
    </ClCompile>
    <ClCompile Include="$(MSBuildThisFileDirectory)GameTime.cpp">
      <Filter>Time</Filter>
    </ClCompile>
    <ClCompile Include="$(MSBuildThisFileDirectory)GameObject.cpp">
      <Filter>Heirarchy</Filter>
    </ClCompile>
    <ClCompile Include="$(MSBuildThisFileDirectory)Action.cpp">
      <Filter>Activity</Filter>
    </ClCompile>
    <ClCompile Include="$(MSBuildThisFileDirectory)ActionList.cpp">
      <Filter>Activity</Filter>
    </ClCompile>
    <ClCompile Include="$(MSBuildThisFileDirectory)ActionList_IF.cpp">
      <Filter>Activity\ActionTypes</Filter>
    </ClCompile>
    <ClCompile Include="$(MSBuildThisFileDirectory)Action_CreateAction.cpp">
      <Filter>Activity\ActionTypes</Filter>
    </ClCompile>
    <ClCompile Include="$(MSBuildThisFileDirectory)Action_DestroyAction.cpp">
      <Filter>Activity\ActionTypes</Filter>
    </ClCompile>
    <ClCompile Include="$(MSBuildThisFileDirectory)ActionManager.cpp">
      <Filter>Activity</Filter>
    </ClCompile>
    <ClCompile Include="$(MSBuildThisFileDirectory)EventQueue.cpp">
      <Filter>Activity</Filter>
    </ClCompile>
    <ClCompile Include="$(MSBuildThisFileDirectory)IEventPublisher.cpp">
      <Filter>Activity</Filter>
    </ClCompile>
  </ItemGroup>
</Project>